<?xml version="1.0" encoding="utf-8"?>
<Project ToolsVersion="4.0" xmlns="http://schemas.microsoft.com/developer/msbuild/2003">
  <ItemGroup>
    <Filter Include="Source Files">
      <UniqueIdentifier>{4FC737F1-C7A5-4376-A066-2A32D752A2FF}</UniqueIdentifier>
      <Extensions>qml;cpp;c;cc;cxx;def;odl;idl;hpj;bat;asm;asmx</Extensions>
    </Filter>
    <Filter Include="Resource Files">
      <UniqueIdentifier>{67DA6AB6-F800-4c08-8B7A-83BB121AAD01}</UniqueIdentifier>
      <Extensions>qrc;rc;ico;cur;bmp;dlg;rc2;rct;bin;rgs;gif;jpg;jpeg;jpe;resx;tiff;tif;png;wav;mfcribbon-ms</Extensions>
    </Filter>
    <Filter Include="Form Files">
      <UniqueIdentifier>{99349809-55BA-4b9d-BF79-8FDBB0286EB3}</UniqueIdentifier>
      <Extensions>ui</Extensions>
    </Filter>
    <Filter Include="Source Files\Observer">
      <UniqueIdentifier>{4e27f694-ebc5-40f4-9b19-3ef6dc04bbdd}</UniqueIdentifier>
    </Filter>
    <Filter Include="Source Files\UserEntities">
      <UniqueIdentifier>{0a8ad5ef-fc92-4ed8-ba97-8e6f6b27d6ab}</UniqueIdentifier>
    </Filter>
  </ItemGroup>
  <ItemGroup>
    <ClCompile Include="main.cpp">
      <Filter>Source Files</Filter>
    </ClCompile>
    <QtRcc Include="qml.qrc">
      <Filter>Resource Files</Filter>
    </QtRcc>
    <ClCompile Include="UsersRole.cpp">
      <Filter>Source Files\UserEntities</Filter>
    </ClCompile>
    <ClCompile Include="User.cpp">
      <Filter>Source Files\UserEntities</Filter>
    </ClCompile>
    <ClCompile Include="StaticUserManager.cpp">
      <Filter>Source Files</Filter>
    </ClCompile>
    <ClCompile Include="UserController.cpp">
      <Filter>Source Files</Filter>
    </ClCompile>
    <ClCompile Include="UserManager.cpp">
      <Filter>Source Files\Observer</Filter>
    </ClCompile>
    <ClCompile Include="UserManagerObserver.cpp">
      <Filter>Source Files\Observer</Filter>
    </ClCompile>
    <ClCompile Include="ThreadWorker.cpp">
      <Filter>Source Files</Filter>
    </ClCompile>
  </ItemGroup>
  <ItemGroup>
    <ClInclude Include="UsersRole.h">
      <Filter>Source Files\UserEntities</Filter>
    </ClInclude>
    <ClInclude Include="User.h">
      <Filter>Source Files\UserEntities</Filter>
    </ClInclude>
    <ClInclude Include="UserManagerObserver.h">
      <Filter>Source Files\Observer</Filter>
    </ClInclude>
    <ClInclude Include="ThreadWorker.h">
      <Filter>Source Files</Filter>
    </ClInclude>
    <ClInclude Include="UserManager.h">
      <Filter>Source Files\Observer</Filter>
    </ClInclude>
    <ClInclude Include="StaticUserManager.h">
      <Filter>Source Files</Filter>
    </ClInclude>
  </ItemGroup>
  <ItemGroup>
    <QtMoc Include="UserController.h">
      <Filter>Source Files</Filter>
    </QtMoc>
  </ItemGroup>
  <ItemGroup>
    <None Include="NewWindow.qml">
      <Filter>Form Files</Filter>
    </None>
    <None Include="main.qml">
      <Filter>Form Files</Filter>
    </None>
  </ItemGroup>
</Project>